
Microsoft Visual Studio Solution File, Format Version 12.00
# Visual Studio 14
VisualStudioVersion = 14.0.25420.1
MinimumVisualStudioVersion = 10.0.40219.1
Project("{FAE04EC0-301F-11D3-BF4B-00C04F79EFBC}") = "Dal200Instalation", "Dal200Instalation\Dal200Instalation.csproj", "{86E16A9C-89FC-43C9-BCA4-4592539C58C0}"
EndProject
Project("{FAE04EC0-301F-11D3-BF4B-00C04F79EFBC}") = "Dall200Tests", "Dall200Tests\Dall200Tests.csproj", "{0F9364AC-EAB4-4FED-9F7F-BF2F597637BA}"
EndProject
Global
	GlobalSection(SolutionConfigurationPlatforms) = preSolution
		Debug|Any CPU = Debug|Any CPU
		Release|Any CPU = Release|Any CPU
	EndGlobalSection
	GlobalSection(ProjectConfigurationPlatforms) = postSolution
		{86E16A9C-89FC-43C9-BCA4-4592539C58C0}.Debug|Any CPU.ActiveCfg = Debug|Any CPU
		{86E16A9C-89FC-43C9-BCA4-4592539C58C0}.Debug|Any CPU.Build.0 = Debug|Any CPU
		{86E16A9C-89FC-43C9-BCA4-4592539C58C0}.Release|Any CPU.ActiveCfg = Release|Any CPU
		{86E16A9C-89FC-43C9-BCA4-4592539C58C0}.Release|Any CPU.Build.0 = Release|Any CPU
		{0F9364AC-EAB4-4FED-9F7F-BF2F597637BA}.Debug|Any CPU.ActiveCfg = Debug|Any CPU
		{0F9364AC-EAB4-4FED-9F7F-BF2F597637BA}.Debug|Any CPU.Build.0 = Debug|Any CPU
		{0F9364AC-EAB4-4FED-9F7F-BF2F597637BA}.Release|Any CPU.ActiveCfg = Release|Any CPU
		{0F9364AC-EAB4-4FED-9F7F-BF2F597637BA}.Release|Any CPU.Build.0 = Release|Any CPU
	EndGlobalSection
	GlobalSection(SolutionProperties) = preSolution
		HideSolutionNode = FALSE
	EndGlobalSection
EndGlobal
